%{"amrita": {:git, "git://github.com/josephwilk/amrita.git", "aabb4a801045ef1aa7ea9dda5e39b159547cbd5d", []},
  "base64url": {:git, "git://github.com/dvv/base64url.git", "bab9f431693a8888528d5c2db933c6f222c6fd44", [tag: "bab9f431693a8888528d5c2db933c6f222c6fd44"]},
  "decimal": {:package, "0.2.0"},
  "ecto": {:package, "0.1.0"},
  "ej": {:git, "git://github.com/seth/ej.git", "0332523799fdbab4b7c8e87074dcf57bb15005a6", [tag: "0332523799fdbab4b7c8e87074dcf57bb15005a6"]},
  "ejwt": {:git, "git://github.com/kato-im/ejwt.git", "b9fd2971d8bee4d4f74b4a65faf251f0219390b3", []},
  "elli": {:git, "git://github.com/knutin/elli.git", "d920b1bc9bb276316e95bdc1ebfc9556a546df2d", []},
  "elli_http_handler": {:git, "git://github.com/kirushik/ellihandler.git", "c9d5e134a7f5c2a167978048749374c5f1fb478f", []},
  "eredis": {:git, "git://github.com/wooga/eredis.git", "471dd471060daa1d98391cb69ae006f8ba79a042", []},
  "exredis": {:git, "git://github.com/artemeff/exredis.git", "b3e1a93f1d07a26b4f9599951959eee007c266c9", []},
  "jiffy": {:git, "git://github.com/davisp/jiffy", "d16a4fd968e000b65e4678cccfad68d7a0a8bd1c", [tag: "d16a4fd968e000b65e4678cccfad68d7a0a8bd1c"]},
  "json": {:git, "git://github.com/cblage/elixir-json.git", "a50642c957a017fdcff4b06337b211f85bc8f653", []},
  "meck": {:git, "git://github.com/eproxus/meck.git", "2eb19524a0cf33a0fc67fed766679c93d363ceee", [branch: "master"]},
  "poolboy": {:package, "1.2.1"},
  "postgrex": {:git, "git://github.com/ericmj/postgrex.git", "53abc216696190c767d7c3f8171fb553a8924e0b", [tag: "v0.5.0"]},
  "uuid": {:git, "git://github.com/avtobiff/erlang-uuid.git", "7c8a3bb79d8a0a3092ffa75332a91958d5438c39", [tag: "v0.4.6"]}}
